// !$*UTF8*$!
{
	archiveVersion = 1;
	classes = {
	};
	objectVersion = 45;
	objects = {

/* Begin PBXBuildFile section */
		0091D8F90E81B9330029341E /* OpenGL.framework in Frameworks */ = {isa = PBXBuildFile; fileRef = 0091D8F80E81B9330029341E /* OpenGL.framework */; };
		00B784B30FF439BC000DE1D7 /* Accelerate.framework in Frameworks */ = {isa = PBXBuildFile; fileRef = 00B784AF0FF439BC000DE1D7 /* Accelerate.framework */; };
		00B784B40FF439BC000DE1D7 /* AudioToolbox.framework in Frameworks */ = {isa = PBXBuildFile; fileRef = 00B784B00FF439BC000DE1D7 /* AudioToolbox.framework */; };
		00B784B50FF439BC000DE1D7 /* AudioUnit.framework in Frameworks */ = {isa = PBXBuildFile; fileRef = 00B784B10FF439BC000DE1D7 /* AudioUnit.framework */; };
		00B784B60FF439BC000DE1D7 /* CoreAudio.framework in Frameworks */ = {isa = PBXBuildFile; fileRef = 00B784B20FF439BC000DE1D7 /* CoreAudio.framework */; };
		055B6E39BB094EC992D75BAB /* UdpSocket.cpp in Sources */ = {isa = PBXBuildFile; fileRef = 0340296291B548F48FE8E9A8 /* UdpSocket.cpp */; };
		09FE44265B3347F58FBC9D6D /* OscTypes.cpp in Sources */ = {isa = PBXBuildFile; fileRef = D88DE9BDE630497E811DE305 /* OscTypes.cpp */; };
		2237CF9D16D4354C00D6097E /* Hud.cpp in Sources */ = {isa = PBXBuildFile; fileRef = 2237CF9B16D4354C00D6097E /* Hud.cpp */; };
		2237CFA016D4E97500D6097E /* OscBroadcaster.cpp in Sources */ = {isa = PBXBuildFile; fileRef = 2237CF9E16D4E97500D6097E /* OscBroadcaster.cpp */; };
		2247398916D7B4E20019CDFA /* libnimCodecs.dylib in Frameworks */ = {isa = PBXBuildFile; fileRef = 2247398516D7B4E20019CDFA /* libnimCodecs.dylib */; };
		2247398A16D7B4E20019CDFA /* libnimMockNodes.dylib in Frameworks */ = {isa = PBXBuildFile; fileRef = 2247398616D7B4E20019CDFA /* libnimMockNodes.dylib */; };
		2247398B16D7B4E20019CDFA /* libnimRecorder.dylib in Frameworks */ = {isa = PBXBuildFile; fileRef = 2247398716D7B4E20019CDFA /* libnimRecorder.dylib */; };
		2247398C16D7B4E20019CDFA /* libOpenNI.dylib in Frameworks */ = {isa = PBXBuildFile; fileRef = 2247398816D7B4E20019CDFA /* libOpenNI.dylib */; };
		22DE5ED916D402CB00F49CB1 /* .gitignore in Resources */ = {isa = PBXBuildFile; fileRef = 22DE5E0F16D402CA00F49CB1 /* .gitignore */; };
		22DE5EE016D402CC00F49CB1 /* README.md in Resources */ = {isa = PBXBuildFile; fileRef = 22DE5E6B16D402CA00F49CB1 /* README.md */; };
		22DE5F0C16D402CC00F49CB1 /* VFakeKinect.cpp in Sources */ = {isa = PBXBuildFile; fileRef = 22DE5EC716D402CB00F49CB1 /* VFakeKinect.cpp */; };
		22DE5F0D16D402CC00F49CB1 /* VKinect.cpp in Sources */ = {isa = PBXBuildFile; fileRef = 22DE5EC916D402CB00F49CB1 /* VKinect.cpp */; };
		22DE5F0E16D402CC00F49CB1 /* VOpenNIDevice.cpp in Sources */ = {isa = PBXBuildFile; fileRef = 22DE5ECD16D402CB00F49CB1 /* VOpenNIDevice.cpp */; };
		22DE5F0F16D402CC00F49CB1 /* VOpenNIDeviceManager.cpp in Sources */ = {isa = PBXBuildFile; fileRef = 22DE5ECF16D402CB00F49CB1 /* VOpenNIDeviceManager.cpp */; };
		22DE5F1016D402CC00F49CB1 /* VOpenNINetwork.cpp in Sources */ = {isa = PBXBuildFile; fileRef = 22DE5ED216D402CB00F49CB1 /* VOpenNINetwork.cpp */; };
		22DE5F1116D402CC00F49CB1 /* VOpenNIRecorder.cpp in Sources */ = {isa = PBXBuildFile; fileRef = 22DE5ED416D402CB00F49CB1 /* VOpenNIRecorder.cpp */; };
		22DE5F1216D402CC00F49CB1 /* VOpenNIUser.cpp in Sources */ = {isa = PBXBuildFile; fileRef = 22DE5ED716D402CB00F49CB1 /* VOpenNIUser.cpp */; };
		22DE5F2A16D40AA800F49CB1 /* Kinect.cpp in Sources */ = {isa = PBXBuildFile; fileRef = 22DE5F2616D40AA800F49CB1 /* Kinect.cpp */; };
		22DE5F2B16D40AA800F49CB1 /* User.cpp in Sources */ = {isa = PBXBuildFile; fileRef = 22DE5F2816D40AA800F49CB1 /* User.cpp */; };
		22DE5F2D16D40AC300F49CB1 /* readme.md in Resources */ = {isa = PBXBuildFile; fileRef = 22DE5F2C16D40AC300F49CB1 /* readme.md */; };
		22DE5F3016D40CB000F49CB1 /* Common.cpp in Sources */ = {isa = PBXBuildFile; fileRef = 22DE5F2E16D40CB000F49CB1 /* Common.cpp */; };
		22F418B516D52122009D2865 /* JsonLoader.cpp in Sources */ = {isa = PBXBuildFile; fileRef = 22F418B316D52122009D2865 /* JsonLoader.cpp */; };
		39B3AFE945474A70834557CA /* KinectStreamerApp.cpp in Sources */ = {isa = PBXBuildFile; fileRef = C0CCCF662D24417491A7EFC9 /* KinectStreamerApp.cpp */; };
		3D785E4171774A97ADC6A2D6 /* OscPrintReceivedElements.cpp in Sources */ = {isa = PBXBuildFile; fileRef = 2AC13FB148C343469E63413E /* OscPrintReceivedElements.cpp */; };
		5323E6B20EAFCA74003A9687 /* CoreVideo.framework in Frameworks */ = {isa = PBXBuildFile; fileRef = 5323E6B10EAFCA74003A9687 /* CoreVideo.framework */; };
		5323E6B60EAFCA7E003A9687 /* QTKit.framework in Frameworks */ = {isa = PBXBuildFile; fileRef = 5323E6B50EAFCA7E003A9687 /* QTKit.framework */; };
		62703E1D8D264824ABCEF72C /* OscOutboundPacketStream.cpp in Sources */ = {isa = PBXBuildFile; fileRef = DD7D0402BF67484E9EE2CEF9 /* OscOutboundPacketStream.cpp */; };
		67F944A7EB214BF898264503 /* OscBundle.cpp in Sources */ = {isa = PBXBuildFile; fileRef = 94A617B704AA42FDA3FA9379 /* OscBundle.cpp */; };
		8D11072F0486CEB800E47090 /* Cocoa.framework in Frameworks */ = {isa = PBXBuildFile; fileRef = 1058C7A1FEA54F0111CA2CBB /* Cocoa.framework */; };
		920F0B5700A64FF3BC4BA0AE /* OscReceivedElements.cpp in Sources */ = {isa = PBXBuildFile; fileRef = 79C09CA9409D43EFBE75E031 /* OscReceivedElements.cpp */; };
		967A3C2262464749B86DDF08 /* CinderApp.icns in Resources */ = {isa = PBXBuildFile; fileRef = 5839ACA407F4495589FAA0C6 /* CinderApp.icns */; };
		9921FA0486194CE2824FF0F2 /* IpEndpointName.cpp in Sources */ = {isa = PBXBuildFile; fileRef = 08BCA370C96949E7B5E8BE36 /* IpEndpointName.cpp */; };
		9A479DA929744C26BF121413 /* OscListener.cpp in Sources */ = {isa = PBXBuildFile; fileRef = 34B6E33F54214A31A30CAC12 /* OscListener.cpp */; };
		D9ABFB48A0C242B486704824 /* OscSender.cpp in Sources */ = {isa = PBXBuildFile; fileRef = CD681692B9BA4C958643107B /* OscSender.cpp */; };
		EED3ED9D44F640F0B8E1F138 /* NetworkingUtils.cpp in Sources */ = {isa = PBXBuildFile; fileRef = E4E56E93E4F64BB8B5BF4C39 /* NetworkingUtils.cpp */; };
		F5F208E7A1054B3B8BFE3164 /* OscMessage.cpp in Sources */ = {isa = PBXBuildFile; fileRef = 1519F44C6B384C8E8787371F /* OscMessage.cpp */; };
/* End PBXBuildFile section */

/* Begin PBXFileReference section */
		0091D8F80E81B9330029341E /* OpenGL.framework */ = {isa = PBXFileReference; lastKnownFileType = wrapper.framework; name = OpenGL.framework; path = /System/Library/Frameworks/OpenGL.framework; sourceTree = "<absolute>"; };
		00B784AF0FF439BC000DE1D7 /* Accelerate.framework */ = {isa = PBXFileReference; lastKnownFileType = wrapper.framework; name = Accelerate.framework; path = System/Library/Frameworks/Accelerate.framework; sourceTree = SDKROOT; };
		00B784B00FF439BC000DE1D7 /* AudioToolbox.framework */ = {isa = PBXFileReference; lastKnownFileType = wrapper.framework; name = AudioToolbox.framework; path = System/Library/Frameworks/AudioToolbox.framework; sourceTree = SDKROOT; };
		00B784B10FF439BC000DE1D7 /* AudioUnit.framework */ = {isa = PBXFileReference; lastKnownFileType = wrapper.framework; name = AudioUnit.framework; path = System/Library/Frameworks/AudioUnit.framework; sourceTree = SDKROOT; };
		00B784B20FF439BC000DE1D7 /* CoreAudio.framework */ = {isa = PBXFileReference; lastKnownFileType = wrapper.framework; name = CoreAudio.framework; path = System/Library/Frameworks/CoreAudio.framework; sourceTree = SDKROOT; };
		0340296291B548F48FE8E9A8 /* UdpSocket.cpp */ = {isa = PBXFileReference; lastKnownFileType = sourcecode.c.cpp; name = UdpSocket.cpp; path = ../../../Cinder/blocks/OSC/src/ip/posix/UdpSocket.cpp; sourceTree = "<group>"; };
		086139A3D6924D0486252379 /* OscSender.h */ = {isa = PBXFileReference; lastKnownFileType = sourcecode.c.h; name = OscSender.h; path = ../../../Cinder/blocks/OSC/src/OscSender.h; sourceTree = "<group>"; };
		08BCA370C96949E7B5E8BE36 /* IpEndpointName.cpp */ = {isa = PBXFileReference; lastKnownFileType = sourcecode.c.cpp; name = IpEndpointName.cpp; path = ../../../Cinder/blocks/OSC/src/ip/IpEndpointName.cpp; sourceTree = "<group>"; };
		0ABEA7B9CC564EC29C3CD043 /* OscHostEndianness.h */ = {isa = PBXFileReference; lastKnownFileType = sourcecode.c.h; name = OscHostEndianness.h; path = ../../../Cinder/blocks/OSC/src/osc/OscHostEndianness.h; sourceTree = "<group>"; };
		0AFC3326725D4E9BA04DBA1C /* MessageMappingOscPacketListener.h */ = {isa = PBXFileReference; lastKnownFileType = sourcecode.c.h; name = MessageMappingOscPacketListener.h; path = ../../../Cinder/blocks/OSC/src/osc/MessageMappingOscPacketListener.h; sourceTree = "<group>"; };
		1058C7A1FEA54F0111CA2CBB /* Cocoa.framework */ = {isa = PBXFileReference; lastKnownFileType = wrapper.framework; name = Cocoa.framework; path = /System/Library/Frameworks/Cocoa.framework; sourceTree = "<absolute>"; };
		121CA34117994542AEA31451 /* OscPrintReceivedElements.h */ = {isa = PBXFileReference; lastKnownFileType = sourcecode.c.h; name = OscPrintReceivedElements.h; path = ../../../Cinder/blocks/OSC/src/osc/OscPrintReceivedElements.h; sourceTree = "<group>"; };
		1519F44C6B384C8E8787371F /* OscMessage.cpp */ = {isa = PBXFileReference; lastKnownFileType = sourcecode.c.cpp; name = OscMessage.cpp; path = ../../../Cinder/blocks/OSC/src/OscMessage.cpp; sourceTree = "<group>"; };
		17E0802E9FE94FCAAC2D6AF8 /* OscException.h */ = {isa = PBXFileReference; lastKnownFileType = sourcecode.c.h; name = OscException.h; path = ../../../Cinder/blocks/OSC/src/osc/OscException.h; sourceTree = "<group>"; };
		2237CF9B16D4354C00D6097E /* Hud.cpp */ = {isa = PBXFileReference; fileEncoding = 4; lastKnownFileType = sourcecode.cpp.cpp; name = Hud.cpp; path = ../src/Hud.cpp; sourceTree = "<group>"; };
		2237CF9C16D4354C00D6097E /* Hud.h */ = {isa = PBXFileReference; fileEncoding = 4; lastKnownFileType = sourcecode.c.h; name = Hud.h; path = ../src/Hud.h; sourceTree = "<group>"; };
		2237CF9E16D4E97500D6097E /* OscBroadcaster.cpp */ = {isa = PBXFileReference; fileEncoding = 4; lastKnownFileType = sourcecode.cpp.cpp; name = OscBroadcaster.cpp; path = ../src/OscBroadcaster.cpp; sourceTree = "<group>"; };
		2237CF9F16D4E97500D6097E /* OscBroadcaster.h */ = {isa = PBXFileReference; fileEncoding = 4; lastKnownFileType = sourcecode.c.h; name = OscBroadcaster.h; path = ../src/OscBroadcaster.h; sourceTree = "<group>"; };
		2247398516D7B4E20019CDFA /* libnimCodecs.dylib */ = {isa = PBXFileReference; lastKnownFileType = "compiled.mach-o.dylib"; name = libnimCodecs.dylib; path = macosx/libnimCodecs.dylib; sourceTree = "<group>"; };
		2247398616D7B4E20019CDFA /* libnimMockNodes.dylib */ = {isa = PBXFileReference; lastKnownFileType = "compiled.mach-o.dylib"; name = libnimMockNodes.dylib; path = macosx/libnimMockNodes.dylib; sourceTree = "<group>"; };
		2247398716D7B4E20019CDFA /* libnimRecorder.dylib */ = {isa = PBXFileReference; lastKnownFileType = "compiled.mach-o.dylib"; name = libnimRecorder.dylib; path = macosx/libnimRecorder.dylib; sourceTree = "<group>"; };
		2247398816D7B4E20019CDFA /* libOpenNI.dylib */ = {isa = PBXFileReference; lastKnownFileType = "compiled.mach-o.dylib"; name = libOpenNI.dylib; path = macosx/libOpenNI.dylib; sourceTree = "<group>"; };
		22DE5E0F16D402CA00F49CB1 /* .gitignore */ = {isa = PBXFileReference; fileEncoding = 4; lastKnownFileType = text; path = .gitignore; sourceTree = "<group>"; };
		22DE5E1316D402CA00F49CB1 /* XnPlatformAndroid-Arm.h */ = {isa = PBXFileReference; fileEncoding = 4; lastKnownFileType = sourcecode.c.h; path = "XnPlatformAndroid-Arm.h"; sourceTree = "<group>"; };
		22DE5E1516D402CA00F49CB1 /* XnOSARC.h */ = {isa = PBXFileReference; fileEncoding = 4; lastKnownFileType = sourcecode.c.h; path = XnOSARC.h; sourceTree = "<group>"; };
		22DE5E1616D402CA00F49CB1 /* XnPlatformARC.h */ = {isa = PBXFileReference; fileEncoding = 4; lastKnownFileType = sourcecode.c.h; path = XnPlatformARC.h; sourceTree = "<group>"; };
		22DE5E1716D402CA00F49CB1 /* IXnNodeAllocator.h */ = {isa = PBXFileReference; fileEncoding = 4; lastKnownFileType = sourcecode.c.h; path = IXnNodeAllocator.h; sourceTree = "<group>"; };
		22DE5E1916D402CA00F49CB1 /* XnPlatformLinux-Arm.h */ = {isa = PBXFileReference; fileEncoding = 4; lastKnownFileType = sourcecode.c.h; path = "XnPlatformLinux-Arm.h"; sourceTree = "<group>"; };
		22DE5E1B16D402CA00F49CB1 /* XnOSLinux-x86.h */ = {isa = PBXFileReference; fileEncoding = 4; lastKnownFileType = sourcecode.c.h; path = "XnOSLinux-x86.h"; sourceTree = "<group>"; };
		22DE5E1C16D402CA00F49CB1 /* XnPlatformLinux-x86.h */ = {isa = PBXFileReference; fileEncoding = 4; lastKnownFileType = sourcecode.c.h; path = "XnPlatformLinux-x86.h"; sourceTree = "<group>"; };
		22DE5E1E16D402CA00F49CB1 /* XnPlatformMacOSX.h */ = {isa = PBXFileReference; fileEncoding = 4; lastKnownFileType = sourcecode.c.h; path = XnPlatformMacOSX.h; sourceTree = "<group>"; };
		22DE5E2016D402CA00F49CB1 /* usb100.h */ = {isa = PBXFileReference; fileEncoding = 4; lastKnownFileType = sourcecode.c.h; path = usb100.h; sourceTree = "<group>"; };
		22DE5E2116D402CA00F49CB1 /* XnOSWin32.h */ = {isa = PBXFileReference; fileEncoding = 4; lastKnownFileType = sourcecode.c.h; path = XnOSWin32.h; sourceTree = "<group>"; };
		22DE5E2216D402CA00F49CB1 /* XnPlatformWin32.h */ = {isa = PBXFileReference; fileEncoding = 4; lastKnownFileType = sourcecode.c.h; path = XnPlatformWin32.h; sourceTree = "<group>"; };
		22DE5E2316D402CA00F49CB1 /* XnAlgorithms.h */ = {isa = PBXFileReference; fileEncoding = 4; lastKnownFileType = sourcecode.c.h; path = XnAlgorithms.h; sourceTree = "<group>"; };
		22DE5E2416D402CA00F49CB1 /* XnArray.h */ = {isa = PBXFileReference; fileEncoding = 4; lastKnownFileType = sourcecode.c.h; path = XnArray.h; sourceTree = "<group>"; };
		22DE5E2516D402CA00F49CB1 /* XnBaseNode.h */ = {isa = PBXFileReference; fileEncoding = 4; lastKnownFileType = sourcecode.c.h; path = XnBaseNode.h; sourceTree = "<group>"; };
		22DE5E2616D402CA00F49CB1 /* XnBitSet.h */ = {isa = PBXFileReference; fileEncoding = 4; lastKnownFileType = sourcecode.c.h; path = XnBitSet.h; sourceTree = "<group>"; };
		22DE5E2716D402CA00F49CB1 /* XnCallback.h */ = {isa = PBXFileReference; fileEncoding = 4; lastKnownFileType = sourcecode.c.h; path = XnCallback.h; sourceTree = "<group>"; };
		22DE5E2816D402CA00F49CB1 /* XnCodecIDs.h */ = {isa = PBXFileReference; fileEncoding = 4; lastKnownFileType = sourcecode.c.h; path = XnCodecIDs.h; sourceTree = "<group>"; };
		22DE5E2916D402CA00F49CB1 /* XnContext.h */ = {isa = PBXFileReference; fileEncoding = 4; lastKnownFileType = sourcecode.c.h; path = XnContext.h; sourceTree = "<group>"; };
		22DE5E2A16D402CA00F49CB1 /* XnCppWrapper.h */ = {isa = PBXFileReference; fileEncoding = 4; lastKnownFileType = sourcecode.c.h; path = XnCppWrapper.h; sourceTree = "<group>"; };
		22DE5E2B16D402CA00F49CB1 /* XnCyclicQueueT.h */ = {isa = PBXFileReference; fileEncoding = 4; lastKnownFileType = sourcecode.c.h; path = XnCyclicQueueT.h; sourceTree = "<group>"; };
		22DE5E2C16D402CA00F49CB1 /* XnCyclicStackT.h */ = {isa = PBXFileReference; fileEncoding = 4; lastKnownFileType = sourcecode.c.h; path = XnCyclicStackT.h; sourceTree = "<group>"; };
		22DE5E2D16D402CA00F49CB1 /* XnDataTypes.h */ = {isa = PBXFileReference; fileEncoding = 4; lastKnownFileType = sourcecode.c.h; path = XnDataTypes.h; sourceTree = "<group>"; };
		22DE5E2E16D402CA00F49CB1 /* XnDerivedCast.h */ = {isa = PBXFileReference; fileEncoding = 4; lastKnownFileType = sourcecode.c.h; path = XnDerivedCast.h; sourceTree = "<group>"; };
		22DE5E2F16D402CA00F49CB1 /* XnDump.h */ = {isa = PBXFileReference; fileEncoding = 4; lastKnownFileType = sourcecode.c.h; path = XnDump.h; sourceTree = "<group>"; };
		22DE5E3016D402CA00F49CB1 /* XnDumpWriters.h */ = {isa = PBXFileReference; fileEncoding = 4; lastKnownFileType = sourcecode.c.h; path = XnDumpWriters.h; sourceTree = "<group>"; };
		22DE5E3116D402CA00F49CB1 /* XnEnumerationErrors.h */ = {isa = PBXFileReference; fileEncoding = 4; lastKnownFileType = sourcecode.c.h; path = XnEnumerationErrors.h; sourceTree = "<group>"; };
		22DE5E3216D402CA00F49CB1 /* XnEvent.h */ = {isa = PBXFileReference; fileEncoding = 4; lastKnownFileType = sourcecode.c.h; path = XnEvent.h; sourceTree = "<group>"; };
		22DE5E3316D402CA00F49CB1 /* XnEventT.h */ = {isa = PBXFileReference; fileEncoding = 4; lastKnownFileType = sourcecode.c.h; path = XnEventT.h; sourceTree = "<group>"; };
		22DE5E3416D402CA00F49CB1 /* XnFPSCalculator.h */ = {isa = PBXFileReference; fileEncoding = 4; lastKnownFileType = sourcecode.c.h; path = XnFPSCalculator.h; sourceTree = "<group>"; };
		22DE5E3516D402CA00F49CB1 /* XnGeneralBuffer.h */ = {isa = PBXFileReference; fileEncoding = 4; lastKnownFileType = sourcecode.c.h; path = XnGeneralBuffer.h; sourceTree = "<group>"; };
		22DE5E3616D402CA00F49CB1 /* XnHash.h */ = {isa = PBXFileReference; fileEncoding = 4; lastKnownFileType = sourcecode.c.h; path = XnHash.h; sourceTree = "<group>"; };
		22DE5E3716D402CA00F49CB1 /* XnHashT.h */ = {isa = PBXFileReference; fileEncoding = 4; lastKnownFileType = sourcecode.c.h; path = XnHashT.h; sourceTree = "<group>"; };
		22DE5E3816D402CA00F49CB1 /* XnInternalDefs.h */ = {isa = PBXFileReference; fileEncoding = 4; lastKnownFileType = sourcecode.c.h; path = XnInternalDefs.h; sourceTree = "<group>"; };
		22DE5E3916D402CA00F49CB1 /* XnLicensing.h */ = {isa = PBXFileReference; fileEncoding = 4; lastKnownFileType = sourcecode.c.h; path = XnLicensing.h; sourceTree = "<group>"; };
		22DE5E3A16D402CA00F49CB1 /* XnList.h */ = {isa = PBXFileReference; fileEncoding = 4; lastKnownFileType = sourcecode.c.h; path = XnList.h; sourceTree = "<group>"; };
		22DE5E3B16D402CA00F49CB1 /* XnListT.h */ = {isa = PBXFileReference; fileEncoding = 4; lastKnownFileType = sourcecode.c.h; path = XnListT.h; sourceTree = "<group>"; };
		22DE5E3C16D402CA00F49CB1 /* XnLog.h */ = {isa = PBXFileReference; fileEncoding = 4; lastKnownFileType = sourcecode.c.h; path = XnLog.h; sourceTree = "<group>"; };
		22DE5E3D16D402CA00F49CB1 /* XnLogTypes.h */ = {isa = PBXFileReference; fileEncoding = 4; lastKnownFileType = sourcecode.c.h; path = XnLogTypes.h; sourceTree = "<group>"; };
		22DE5E3E16D402CA00F49CB1 /* XnLogWriterBase.h */ = {isa = PBXFileReference; fileEncoding = 4; lastKnownFileType = sourcecode.c.h; path = XnLogWriterBase.h; sourceTree = "<group>"; };
		22DE5E3F16D402CA00F49CB1 /* XnMacros.h */ = {isa = PBXFileReference; fileEncoding = 4; lastKnownFileType = sourcecode.c.h; path = XnMacros.h; sourceTree = "<group>"; };
		22DE5E4016D402CA00F49CB1 /* XnModuleCFunctions.h */ = {isa = PBXFileReference; fileEncoding = 4; lastKnownFileType = sourcecode.c.h; path = XnModuleCFunctions.h; sourceTree = "<group>"; };
		22DE5E4116D402CA00F49CB1 /* XnModuleCppInterface.h */ = {isa = PBXFileReference; fileEncoding = 4; lastKnownFileType = sourcecode.c.h; path = XnModuleCppInterface.h; sourceTree = "<group>"; };
		22DE5E4216D402CA00F49CB1 /* XnModuleCppRegistratration.h */ = {isa = PBXFileReference; fileEncoding = 4; lastKnownFileType = sourcecode.c.h; path = XnModuleCppRegistratration.h; sourceTree = "<group>"; };
		22DE5E4316D402CA00F49CB1 /* XnModuleInterface.h */ = {isa = PBXFileReference; fileEncoding = 4; lastKnownFileType = sourcecode.c.h; path = XnModuleInterface.h; sourceTree = "<group>"; };
		22DE5E4416D402CA00F49CB1 /* XnNode.h */ = {isa = PBXFileReference; fileEncoding = 4; lastKnownFileType = sourcecode.c.h; path = XnNode.h; sourceTree = "<group>"; };
		22DE5E4516D402CA00F49CB1 /* XnNodeAllocator.h */ = {isa = PBXFileReference; fileEncoding = 4; lastKnownFileType = sourcecode.c.h; path = XnNodeAllocator.h; sourceTree = "<group>"; };
		22DE5E4616D402CA00F49CB1 /* XnOpenNI.h */ = {isa = PBXFileReference; fileEncoding = 4; lastKnownFileType = sourcecode.c.h; path = XnOpenNI.h; sourceTree = "<group>"; };
		22DE5E4716D402CA00F49CB1 /* XnOS.h */ = {isa = PBXFileReference; fileEncoding = 4; lastKnownFileType = sourcecode.c.h; path = XnOS.h; sourceTree = "<group>"; };
		22DE5E4816D402CA00F49CB1 /* XnOSCpp.h */ = {isa = PBXFileReference; fileEncoding = 4; lastKnownFileType = sourcecode.c.h; path = XnOSCpp.h; sourceTree = "<group>"; };
		22DE5E4916D402CA00F49CB1 /* XnOSMemory.h */ = {isa = PBXFileReference; fileEncoding = 4; lastKnownFileType = sourcecode.c.h; path = XnOSMemory.h; sourceTree = "<group>"; };
		22DE5E4A16D402CA00F49CB1 /* XnOSStrings.h */ = {isa = PBXFileReference; fileEncoding = 4; lastKnownFileType = sourcecode.c.h; path = XnOSStrings.h; sourceTree = "<group>"; };
		22DE5E4B16D402CA00F49CB1 /* XnPlatform.h */ = {isa = PBXFileReference; fileEncoding = 4; lastKnownFileType = sourcecode.c.h; path = XnPlatform.h; sourceTree = "<group>"; };
		22DE5E4C16D402CA00F49CB1 /* XnPrdNode.h */ = {isa = PBXFileReference; fileEncoding = 4; lastKnownFileType = sourcecode.c.h; path = XnPrdNode.h; sourceTree = "<group>"; };
		22DE5E4D16D402CA00F49CB1 /* XnPrdNodeInfo.h */ = {isa = PBXFileReference; fileEncoding = 4; lastKnownFileType = sourcecode.c.h; path = XnPrdNodeInfo.h; sourceTree = "<group>"; };
		22DE5E4E16D402CA00F49CB1 /* XnPrdNodeInfoList.h */ = {isa = PBXFileReference; fileEncoding = 4; lastKnownFileType = sourcecode.c.h; path = XnPrdNodeInfoList.h; sourceTree = "<group>"; };
		22DE5E4F16D402CA00F49CB1 /* XnProfiling.h */ = {isa = PBXFileReference; fileEncoding = 4; lastKnownFileType = sourcecode.c.h; path = XnProfiling.h; sourceTree = "<group>"; };
		22DE5E5016D402CA00F49CB1 /* XnPropNames.h */ = {isa = PBXFileReference; fileEncoding = 4; lastKnownFileType = sourcecode.c.h; path = XnPropNames.h; sourceTree = "<group>"; };
		22DE5E5116D402CA00F49CB1 /* XnQueries.h */ = {isa = PBXFileReference; fileEncoding = 4; lastKnownFileType = sourcecode.c.h; path = XnQueries.h; sourceTree = "<group>"; };
		22DE5E5216D402CA00F49CB1 /* XnQueue.h */ = {isa = PBXFileReference; fileEncoding = 4; lastKnownFileType = sourcecode.c.h; path = XnQueue.h; sourceTree = "<group>"; };
		22DE5E5316D402CA00F49CB1 /* XnQueueT.h */ = {isa = PBXFileReference; fileEncoding = 4; lastKnownFileType = sourcecode.c.h; path = XnQueueT.h; sourceTree = "<group>"; };
		22DE5E5416D402CA00F49CB1 /* XnScheduler.h */ = {isa = PBXFileReference; fileEncoding = 4; lastKnownFileType = sourcecode.c.h; path = XnScheduler.h; sourceTree = "<group>"; };
		22DE5E5516D402CA00F49CB1 /* XnStack.h */ = {isa = PBXFileReference; fileEncoding = 4; lastKnownFileType = sourcecode.c.h; path = XnStack.h; sourceTree = "<group>"; };
		22DE5E5616D402CA00F49CB1 /* XnStackT.h */ = {isa = PBXFileReference; fileEncoding = 4; lastKnownFileType = sourcecode.c.h; path = XnStackT.h; sourceTree = "<group>"; };
		22DE5E5716D402CA00F49CB1 /* XnStatus.h */ = {isa = PBXFileReference; fileEncoding = 4; lastKnownFileType = sourcecode.c.h; path = XnStatus.h; sourceTree = "<group>"; };
		22DE5E5816D402CA00F49CB1 /* XnStatusCodes.h */ = {isa = PBXFileReference; fileEncoding = 4; lastKnownFileType = sourcecode.c.h; path = XnStatusCodes.h; sourceTree = "<group>"; };
		22DE5E5916D402CA00F49CB1 /* XnStatusRegister.h */ = {isa = PBXFileReference; fileEncoding = 4; lastKnownFileType = sourcecode.c.h; path = XnStatusRegister.h; sourceTree = "<group>"; };
		22DE5E5A16D402CA00F49CB1 /* XnStringsHash.h */ = {isa = PBXFileReference; fileEncoding = 4; lastKnownFileType = sourcecode.c.h; path = XnStringsHash.h; sourceTree = "<group>"; };
		22DE5E5B16D402CA00F49CB1 /* XnStringsHashT.h */ = {isa = PBXFileReference; fileEncoding = 4; lastKnownFileType = sourcecode.c.h; path = XnStringsHashT.h; sourceTree = "<group>"; };
		22DE5E5C16D402CA00F49CB1 /* XnThreadSafeQueue.h */ = {isa = PBXFileReference; fileEncoding = 4; lastKnownFileType = sourcecode.c.h; path = XnThreadSafeQueue.h; sourceTree = "<group>"; };
		22DE5E5D16D402CA00F49CB1 /* XnTypes.h */ = {isa = PBXFileReference; fileEncoding = 4; lastKnownFileType = sourcecode.c.h; path = XnTypes.h; sourceTree = "<group>"; };
		22DE5E5E16D402CA00F49CB1 /* XnUSB.h */ = {isa = PBXFileReference; fileEncoding = 4; lastKnownFileType = sourcecode.c.h; path = XnUSB.h; sourceTree = "<group>"; };
		22DE5E5F16D402CA00F49CB1 /* XnUSBDevice.h */ = {isa = PBXFileReference; fileEncoding = 4; lastKnownFileType = sourcecode.c.h; path = XnUSBDevice.h; sourceTree = "<group>"; };
		22DE5E6016D402CA00F49CB1 /* XnUtils.h */ = {isa = PBXFileReference; fileEncoding = 4; lastKnownFileType = sourcecode.c.h; path = XnUtils.h; sourceTree = "<group>"; };
		22DE5E6116D402CA00F49CB1 /* XnVersion.h */ = {isa = PBXFileReference; fileEncoding = 4; lastKnownFileType = sourcecode.c.h; path = XnVersion.h; sourceTree = "<group>"; };
		22DE5E6B16D402CA00F49CB1 /* README.md */ = {isa = PBXFileReference; fileEncoding = 4; lastKnownFileType = text; path = README.md; sourceTree = "<group>"; };
		22DE5EC616D402CB00F49CB1 /* SkeletonPoseDetector.h */ = {isa = PBXFileReference; fileEncoding = 4; lastKnownFileType = sourcecode.c.h; path = SkeletonPoseDetector.h; sourceTree = "<group>"; };
		22DE5EC716D402CB00F49CB1 /* VFakeKinect.cpp */ = {isa = PBXFileReference; fileEncoding = 4; lastKnownFileType = sourcecode.cpp.cpp; path = VFakeKinect.cpp; sourceTree = "<group>"; };
		22DE5EC816D402CB00F49CB1 /* VFakeKinect.h */ = {isa = PBXFileReference; fileEncoding = 4; lastKnownFileType = sourcecode.c.h; path = VFakeKinect.h; sourceTree = "<group>"; };
		22DE5EC916D402CB00F49CB1 /* VKinect.cpp */ = {isa = PBXFileReference; fileEncoding = 4; lastKnownFileType = sourcecode.cpp.cpp; path = VKinect.cpp; sourceTree = "<group>"; };
		22DE5ECA16D402CB00F49CB1 /* VKinect.h */ = {isa = PBXFileReference; fileEncoding = 4; lastKnownFileType = sourcecode.c.h; path = VKinect.h; sourceTree = "<group>"; };
		22DE5ECB16D402CB00F49CB1 /* VOpenNIBone.h */ = {isa = PBXFileReference; fileEncoding = 4; lastKnownFileType = sourcecode.c.h; path = VOpenNIBone.h; sourceTree = "<group>"; };
		22DE5ECC16D402CB00F49CB1 /* VOpenNICommon.h */ = {isa = PBXFileReference; fileEncoding = 4; lastKnownFileType = sourcecode.c.h; path = VOpenNICommon.h; sourceTree = "<group>"; };
		22DE5ECD16D402CB00F49CB1 /* VOpenNIDevice.cpp */ = {isa = PBXFileReference; fileEncoding = 4; lastKnownFileType = sourcecode.cpp.cpp; path = VOpenNIDevice.cpp; sourceTree = "<group>"; };
		22DE5ECE16D402CB00F49CB1 /* VOpenNIDevice.h */ = {isa = PBXFileReference; fileEncoding = 4; lastKnownFileType = sourcecode.c.h; path = VOpenNIDevice.h; sourceTree = "<group>"; };
		22DE5ECF16D402CB00F49CB1 /* VOpenNIDeviceManager.cpp */ = {isa = PBXFileReference; fileEncoding = 4; lastKnownFileType = sourcecode.cpp.cpp; path = VOpenNIDeviceManager.cpp; sourceTree = "<group>"; };
		22DE5ED016D402CB00F49CB1 /* VOpenNIDeviceManager.h */ = {isa = PBXFileReference; fileEncoding = 4; lastKnownFileType = sourcecode.c.h; path = VOpenNIDeviceManager.h; sourceTree = "<group>"; };
		22DE5ED116D402CB00F49CB1 /* VOpenNIHeaders.h */ = {isa = PBXFileReference; fileEncoding = 4; lastKnownFileType = sourcecode.c.h; path = VOpenNIHeaders.h; sourceTree = "<group>"; };
		22DE5ED216D402CB00F49CB1 /* VOpenNINetwork.cpp */ = {isa = PBXFileReference; fileEncoding = 4; lastKnownFileType = sourcecode.cpp.cpp; path = VOpenNINetwork.cpp; sourceTree = "<group>"; };
		22DE5ED316D402CB00F49CB1 /* VOpenNINetwork.h */ = {isa = PBXFileReference; fileEncoding = 4; lastKnownFileType = sourcecode.c.h; path = VOpenNINetwork.h; sourceTree = "<group>"; };
		22DE5ED416D402CB00F49CB1 /* VOpenNIRecorder.cpp */ = {isa = PBXFileReference; fileEncoding = 4; lastKnownFileType = sourcecode.cpp.cpp; path = VOpenNIRecorder.cpp; sourceTree = "<group>"; };
		22DE5ED516D402CB00F49CB1 /* VOpenNIRecorder.h */ = {isa = PBXFileReference; fileEncoding = 4; lastKnownFileType = sourcecode.c.h; path = VOpenNIRecorder.h; sourceTree = "<group>"; };
		22DE5ED616D402CB00F49CB1 /* VOpenNISurface.h */ = {isa = PBXFileReference; fileEncoding = 4; lastKnownFileType = sourcecode.c.h; path = VOpenNISurface.h; sourceTree = "<group>"; };
		22DE5ED716D402CB00F49CB1 /* VOpenNIUser.cpp */ = {isa = PBXFileReference; fileEncoding = 4; lastKnownFileType = sourcecode.cpp.cpp; path = VOpenNIUser.cpp; sourceTree = "<group>"; };
		22DE5ED816D402CB00F49CB1 /* VOpenNIUser.h */ = {isa = PBXFileReference; fileEncoding = 4; lastKnownFileType = sourcecode.c.h; path = VOpenNIUser.h; sourceTree = "<group>"; };
		22DE5F2616D40AA800F49CB1 /* Kinect.cpp */ = {isa = PBXFileReference; fileEncoding = 4; lastKnownFileType = sourcecode.cpp.cpp; name = Kinect.cpp; path = ../src/Kinect.cpp; sourceTree = "<group>"; };
		22DE5F2716D40AA800F49CB1 /* Kinect.h */ = {isa = PBXFileReference; fileEncoding = 4; lastKnownFileType = sourcecode.c.h; name = Kinect.h; path = ../src/Kinect.h; sourceTree = "<group>"; };
		22DE5F2816D40AA800F49CB1 /* User.cpp */ = {isa = PBXFileReference; fileEncoding = 4; lastKnownFileType = sourcecode.cpp.cpp; name = User.cpp; path = ../src/User.cpp; sourceTree = "<group>"; };
		22DE5F2916D40AA800F49CB1 /* User.h */ = {isa = PBXFileReference; fileEncoding = 4; lastKnownFileType = sourcecode.c.h; name = User.h; path = ../src/User.h; sourceTree = "<group>"; };
		22DE5F2C16D40AC300F49CB1 /* readme.md */ = {isa = PBXFileReference; fileEncoding = 4; lastKnownFileType = text; name = readme.md; path = ../../readme.md; sourceTree = "<group>"; };
		22DE5F2E16D40CB000F49CB1 /* Common.cpp */ = {isa = PBXFileReference; fileEncoding = 4; lastKnownFileType = sourcecode.cpp.cpp; name = Common.cpp; path = ../src/Common.cpp; sourceTree = "<group>"; };
		22DE5F2F16D40CB000F49CB1 /* Common.h */ = {isa = PBXFileReference; fileEncoding = 4; lastKnownFileType = sourcecode.c.h; name = Common.h; path = ../src/Common.h; sourceTree = "<group>"; };
		22F418B316D52122009D2865 /* JsonLoader.cpp */ = {isa = PBXFileReference; fileEncoding = 4; lastKnownFileType = sourcecode.cpp.cpp; name = JsonLoader.cpp; path = ../src/JsonLoader.cpp; sourceTree = "<group>"; };
		22F418B416D52122009D2865 /* JsonLoader.h */ = {isa = PBXFileReference; fileEncoding = 4; lastKnownFileType = sourcecode.c.h; name = JsonLoader.h; path = ../src/JsonLoader.h; sourceTree = "<group>"; };
		29B97324FDCFA39411CA2CEA /* AppKit.framework */ = {isa = PBXFileReference; lastKnownFileType = wrapper.framework; name = AppKit.framework; path = /System/Library/Frameworks/AppKit.framework; sourceTree = "<absolute>"; };
		29B97325FDCFA39411CA2CEA /* Foundation.framework */ = {isa = PBXFileReference; lastKnownFileType = wrapper.framework; name = Foundation.framework; path = /System/Library/Frameworks/Foundation.framework; sourceTree = "<absolute>"; };
		2A6BE27FAADF4520817C0E98 /* UdpSocket.h */ = {isa = PBXFileReference; lastKnownFileType = sourcecode.c.h; name = UdpSocket.h; path = ../../../Cinder/blocks/OSC/src/ip/UdpSocket.h; sourceTree = "<group>"; };
		2AC13FB148C343469E63413E /* OscPrintReceivedElements.cpp */ = {isa = PBXFileReference; lastKnownFileType = sourcecode.c.cpp; name = OscPrintReceivedElements.cpp; path = ../../../Cinder/blocks/OSC/src/osc/OscPrintReceivedElements.cpp; sourceTree = "<group>"; };
		34B6E33F54214A31A30CAC12 /* OscListener.cpp */ = {isa = PBXFileReference; lastKnownFileType = sourcecode.c.cpp; name = OscListener.cpp; path = ../../../Cinder/blocks/OSC/src/OscListener.cpp; sourceTree = "<group>"; };
		44BE9579F09E465584CBD4FD /* OscArg.h */ = {isa = PBXFileReference; lastKnownFileType = sourcecode.c.h; name = OscArg.h; path = ../../../Cinder/blocks/OSC/src/OscArg.h; sourceTree = "<group>"; };
		5323E6B10EAFCA74003A9687 /* CoreVideo.framework */ = {isa = PBXFileReference; lastKnownFileType = wrapper.framework; name = CoreVideo.framework; path = /System/Library/Frameworks/CoreVideo.framework; sourceTree = "<absolute>"; };
		5323E6B50EAFCA7E003A9687 /* QTKit.framework */ = {isa = PBXFileReference; lastKnownFileType = wrapper.framework; name = QTKit.framework; path = /System/Library/Frameworks/QTKit.framework; sourceTree = "<absolute>"; };
		5839ACA407F4495589FAA0C6 /* CinderApp.icns */ = {isa = PBXFileReference; lastKnownFileType = image.icns; name = CinderApp.icns; path = ../resources/CinderApp.icns; sourceTree = "<group>"; };
		619A0ABFF4B8435C97D60907 /* NetworkingUtils.h */ = {isa = PBXFileReference; lastKnownFileType = sourcecode.c.h; name = NetworkingUtils.h; path = ../../../Cinder/blocks/OSC/src/ip/NetworkingUtils.h; sourceTree = "<group>"; };
		6490282825974D6F918DEE0A /* OscBundle.h */ = {isa = PBXFileReference; lastKnownFileType = sourcecode.c.h; name = OscBundle.h; path = ../../../Cinder/blocks/OSC/src/OscBundle.h; sourceTree = "<group>"; };
		661BEC638EEB486D9C879D75 /* Resources.h */ = {isa = PBXFileReference; lastKnownFileType = sourcecode.c.h; name = Resources.h; path = ../include/Resources.h; sourceTree = "<group>"; };
		783528F47AA14B1DA0CE818E /* PacketListener.h */ = {isa = PBXFileReference; lastKnownFileType = sourcecode.c.h; name = PacketListener.h; path = ../../../Cinder/blocks/OSC/src/ip/PacketListener.h; sourceTree = "<group>"; };
		79C09CA9409D43EFBE75E031 /* OscReceivedElements.cpp */ = {isa = PBXFileReference; lastKnownFileType = sourcecode.c.cpp; name = OscReceivedElements.cpp; path = ../../../Cinder/blocks/OSC/src/osc/OscReceivedElements.cpp; sourceTree = "<group>"; };
		7A885291B0C74A47AF5E6D57 /* OscTypes.h */ = {isa = PBXFileReference; lastKnownFileType = sourcecode.c.h; name = OscTypes.h; path = ../../../Cinder/blocks/OSC/src/osc/OscTypes.h; sourceTree = "<group>"; };
		8688D72A6877493E838B72A9 /* IpEndpointName.h */ = {isa = PBXFileReference; lastKnownFileType = sourcecode.c.h; name = IpEndpointName.h; path = ../../../Cinder/blocks/OSC/src/ip/IpEndpointName.h; sourceTree = "<group>"; };
		8BC2C199F1E94B1383C5ECCA /* OscListener.h */ = {isa = PBXFileReference; lastKnownFileType = sourcecode.c.h; name = OscListener.h; path = ../../../Cinder/blocks/OSC/src/OscListener.h; sourceTree = "<group>"; };
		8D1107320486CEB800E47090 /* KinectStreamer.app */ = {isa = PBXFileReference; explicitFileType = wrapper.application; includeInIndex = 0; path = KinectStreamer.app; sourceTree = BUILT_PRODUCTS_DIR; };
		94A617B704AA42FDA3FA9379 /* OscBundle.cpp */ = {isa = PBXFileReference; lastKnownFileType = sourcecode.c.cpp; name = OscBundle.cpp; path = ../../../Cinder/blocks/OSC/src/OscBundle.cpp; sourceTree = "<group>"; };
		9EEF05DDD8CA41D5BC4A0DE1 /* OscReceivedElements.h */ = {isa = PBXFileReference; lastKnownFileType = sourcecode.c.h; name = OscReceivedElements.h; path = ../../../Cinder/blocks/OSC/src/osc/OscReceivedElements.h; sourceTree = "<group>"; };
		AD2A9A7310AC48E1B68C5605 /* TimerListener.h */ = {isa = PBXFileReference; lastKnownFileType = sourcecode.c.h; name = TimerListener.h; path = ../../../Cinder/blocks/OSC/src/ip/TimerListener.h; sourceTree = "<group>"; };
		BC734B8E604B424BBA8F64C6 /* OscOutboundPacketStream.h */ = {isa = PBXFileReference; lastKnownFileType = sourcecode.c.h; name = OscOutboundPacketStream.h; path = ../../../Cinder/blocks/OSC/src/osc/OscOutboundPacketStream.h; sourceTree = "<group>"; };
		BEA4B646AFE549EAA5EB8DE0 /* Info.plist */ = {isa = PBXFileReference; lastKnownFileType = text.plist.xml; path = Info.plist; sourceTree = "<group>"; };
		C0CCCF662D24417491A7EFC9 /* KinectStreamerApp.cpp */ = {isa = PBXFileReference; lastKnownFileType = sourcecode.c.cpp; name = KinectStreamerApp.cpp; path = ../src/KinectStreamerApp.cpp; sourceTree = "<group>"; };
		CD681692B9BA4C958643107B /* OscSender.cpp */ = {isa = PBXFileReference; lastKnownFileType = sourcecode.c.cpp; name = OscSender.cpp; path = ../../../Cinder/blocks/OSC/src/OscSender.cpp; sourceTree = "<group>"; };
		D33CB022DA344936883D3B1F /* OscPacketListener.h */ = {isa = PBXFileReference; lastKnownFileType = sourcecode.c.h; name = OscPacketListener.h; path = ../../../Cinder/blocks/OSC/src/osc/OscPacketListener.h; sourceTree = "<group>"; };
		D393410CD5FB4B30B5D8624F /* OscMessage.h */ = {isa = PBXFileReference; lastKnownFileType = sourcecode.c.h; name = OscMessage.h; path = ../../../Cinder/blocks/OSC/src/OscMessage.h; sourceTree = "<group>"; };
		D88DE9BDE630497E811DE305 /* OscTypes.cpp */ = {isa = PBXFileReference; lastKnownFileType = sourcecode.c.cpp; name = OscTypes.cpp; path = ../../../Cinder/blocks/OSC/src/osc/OscTypes.cpp; sourceTree = "<group>"; };
		DD7D0402BF67484E9EE2CEF9 /* OscOutboundPacketStream.cpp */ = {isa = PBXFileReference; lastKnownFileType = sourcecode.c.cpp; name = OscOutboundPacketStream.cpp; path = ../../../Cinder/blocks/OSC/src/osc/OscOutboundPacketStream.cpp; sourceTree = "<group>"; };
		E4E56E93E4F64BB8B5BF4C39 /* NetworkingUtils.cpp */ = {isa = PBXFileReference; lastKnownFileType = sourcecode.c.cpp; name = NetworkingUtils.cpp; path = ../../../Cinder/blocks/OSC/src/ip/posix/NetworkingUtils.cpp; sourceTree = "<group>"; };
		F601579D3BB549E8AFB04DE5 /* KinectStreamer_Prefix.pch */ = {isa = PBXFileReference; lastKnownFileType = "\"\""; path = KinectStreamer_Prefix.pch; sourceTree = "<group>"; };
/* End PBXFileReference section */

/* Begin PBXFrameworksBuildPhase section */
		8D11072E0486CEB800E47090 /* Frameworks */ = {
			isa = PBXFrameworksBuildPhase;
			buildActionMask = 2147483647;
			files = (
				8D11072F0486CEB800E47090 /* Cocoa.framework in Frameworks */,
				0091D8F90E81B9330029341E /* OpenGL.framework in Frameworks */,
				5323E6B20EAFCA74003A9687 /* CoreVideo.framework in Frameworks */,
				5323E6B60EAFCA7E003A9687 /* QTKit.framework in Frameworks */,
				00B784B30FF439BC000DE1D7 /* Accelerate.framework in Frameworks */,
				00B784B40FF439BC000DE1D7 /* AudioToolbox.framework in Frameworks */,
				00B784B50FF439BC000DE1D7 /* AudioUnit.framework in Frameworks */,
				00B784B60FF439BC000DE1D7 /* CoreAudio.framework in Frameworks */,
				2247398916D7B4E20019CDFA /* libnimCodecs.dylib in Frameworks */,
				2247398A16D7B4E20019CDFA /* libnimMockNodes.dylib in Frameworks */,
				2247398B16D7B4E20019CDFA /* libnimRecorder.dylib in Frameworks */,
				2247398C16D7B4E20019CDFA /* libOpenNI.dylib in Frameworks */,
			);
			runOnlyForDeploymentPostprocessing = 0;
		};
/* End PBXFrameworksBuildPhase section */

/* Begin PBXGroup section */
		01B97315FEAEA392516A2CEA /* Blocks */ = {
			isa = PBXGroup;
			children = (
				22DE5E0E16D402CA00F49CB1 /* BlockOpenNI */,
				B23E0E6A6B4641FE9F7F8B80 /* OSC */,
			);
			name = Blocks;
			sourceTree = "<group>";
		};
		080E96DDFE201D6D7F000001 /* Source */ = {
			isa = PBXGroup;
			children = (
				C0CCCF662D24417491A7EFC9 /* KinectStreamerApp.cpp */,
				2237CF9B16D4354C00D6097E /* Hud.cpp */,
				2237CF9C16D4354C00D6097E /* Hud.h */,
				22DE5F2E16D40CB000F49CB1 /* Common.cpp */,
				22DE5F2F16D40CB000F49CB1 /* Common.h */,
				22DE5F2616D40AA800F49CB1 /* Kinect.cpp */,
				22DE5F2716D40AA800F49CB1 /* Kinect.h */,
				2237CF9E16D4E97500D6097E /* OscBroadcaster.cpp */,
				2237CF9F16D4E97500D6097E /* OscBroadcaster.h */,
				22F418B316D52122009D2865 /* JsonLoader.cpp */,
				22F418B416D52122009D2865 /* JsonLoader.h */,
				22DE5F2816D40AA800F49CB1 /* User.cpp */,
				22DE5F2916D40AA800F49CB1 /* User.h */,
			);
			name = Source;
			sourceTree = "<group>";
		};
		1058C7A0FEA54F0111CA2CBB /* Linked Frameworks */ = {
			isa = PBXGroup;
			children = (
				00B784AF0FF439BC000DE1D7 /* Accelerate.framework */,
				00B784B00FF439BC000DE1D7 /* AudioToolbox.framework */,
				00B784B10FF439BC000DE1D7 /* AudioUnit.framework */,
				00B784B20FF439BC000DE1D7 /* CoreAudio.framework */,
				5323E6B50EAFCA7E003A9687 /* QTKit.framework */,
				5323E6B10EAFCA74003A9687 /* CoreVideo.framework */,
				0091D8F80E81B9330029341E /* OpenGL.framework */,
				1058C7A1FEA54F0111CA2CBB /* Cocoa.framework */,
			);
			name = "Linked Frameworks";
			sourceTree = "<group>";
		};
		1058C7A2FEA54F0111CA2CBB /* Other Frameworks */ = {
			isa = PBXGroup;
			children = (
				29B97324FDCFA39411CA2CEA /* AppKit.framework */,
				29B97325FDCFA39411CA2CEA /* Foundation.framework */,
			);
			name = "Other Frameworks";
			sourceTree = "<group>";
		};
		19C28FACFE9D520D11CA2CBB /* Products */ = {
			isa = PBXGroup;
			children = (
				8D1107320486CEB800E47090 /* KinectStreamer.app */,
			);
			name = Products;
			sourceTree = "<group>";
		};
		22DE5E0E16D402CA00F49CB1 /* BlockOpenNI */ = {
			isa = PBXGroup;
			children = (
				22DE5E0F16D402CA00F49CB1 /* .gitignore */,
				22DE5E1016D402CA00F49CB1 /* include */,
				22DE5E6216D402CA00F49CB1 /* lib */,
				22DE5E6B16D402CA00F49CB1 /* README.md */,
				22DE5EC516D402CB00F49CB1 /* src */,
			);
			name = BlockOpenNI;
			path = ../../../Cinder/blocks/BlockOpenNI;
			sourceTree = "<group>";
		};
		22DE5E1016D402CA00F49CB1 /* include */ = {
			isa = PBXGroup;
			children = (
				22DE5E1116D402CA00F49CB1 /* Include */,
			);
			path = include;
			sourceTree = "<group>";
		};
		22DE5E1116D402CA00F49CB1 /* Include */ = {
			isa = PBXGroup;
			children = (
				22DE5E1216D402CA00F49CB1 /* Android-Arm */,
				22DE5E1416D402CA00F49CB1 /* ARC */,
				22DE5E1716D402CA00F49CB1 /* IXnNodeAllocator.h */,
				22DE5E1816D402CA00F49CB1 /* Linux-Arm */,
				22DE5E1A16D402CA00F49CB1 /* Linux-x86 */,
				22DE5E1D16D402CA00F49CB1 /* MacOSX */,
				22DE5E1F16D402CA00F49CB1 /* Win32 */,
				22DE5E2316D402CA00F49CB1 /* XnAlgorithms.h */,
				22DE5E2416D402CA00F49CB1 /* XnArray.h */,
				22DE5E2516D402CA00F49CB1 /* XnBaseNode.h */,
				22DE5E2616D402CA00F49CB1 /* XnBitSet.h */,
				22DE5E2716D402CA00F49CB1 /* XnCallback.h */,
				22DE5E2816D402CA00F49CB1 /* XnCodecIDs.h */,
				22DE5E2916D402CA00F49CB1 /* XnContext.h */,
				22DE5E2A16D402CA00F49CB1 /* XnCppWrapper.h */,
				22DE5E2B16D402CA00F49CB1 /* XnCyclicQueueT.h */,
				22DE5E2C16D402CA00F49CB1 /* XnCyclicStackT.h */,
				22DE5E2D16D402CA00F49CB1 /* XnDataTypes.h */,
				22DE5E2E16D402CA00F49CB1 /* XnDerivedCast.h */,
				22DE5E2F16D402CA00F49CB1 /* XnDump.h */,
				22DE5E3016D402CA00F49CB1 /* XnDumpWriters.h */,
				22DE5E3116D402CA00F49CB1 /* XnEnumerationErrors.h */,
				22DE5E3216D402CA00F49CB1 /* XnEvent.h */,
				22DE5E3316D402CA00F49CB1 /* XnEventT.h */,
				22DE5E3416D402CA00F49CB1 /* XnFPSCalculator.h */,
				22DE5E3516D402CA00F49CB1 /* XnGeneralBuffer.h */,
				22DE5E3616D402CA00F49CB1 /* XnHash.h */,
				22DE5E3716D402CA00F49CB1 /* XnHashT.h */,
				22DE5E3816D402CA00F49CB1 /* XnInternalDefs.h */,
				22DE5E3916D402CA00F49CB1 /* XnLicensing.h */,
				22DE5E3A16D402CA00F49CB1 /* XnList.h */,
				22DE5E3B16D402CA00F49CB1 /* XnListT.h */,
				22DE5E3C16D402CA00F49CB1 /* XnLog.h */,
				22DE5E3D16D402CA00F49CB1 /* XnLogTypes.h */,
				22DE5E3E16D402CA00F49CB1 /* XnLogWriterBase.h */,
				22DE5E3F16D402CA00F49CB1 /* XnMacros.h */,
				22DE5E4016D402CA00F49CB1 /* XnModuleCFunctions.h */,
				22DE5E4116D402CA00F49CB1 /* XnModuleCppInterface.h */,
				22DE5E4216D402CA00F49CB1 /* XnModuleCppRegistratration.h */,
				22DE5E4316D402CA00F49CB1 /* XnModuleInterface.h */,
				22DE5E4416D402CA00F49CB1 /* XnNode.h */,
				22DE5E4516D402CA00F49CB1 /* XnNodeAllocator.h */,
				22DE5E4616D402CA00F49CB1 /* XnOpenNI.h */,
				22DE5E4716D402CA00F49CB1 /* XnOS.h */,
				22DE5E4816D402CA00F49CB1 /* XnOSCpp.h */,
				22DE5E4916D402CA00F49CB1 /* XnOSMemory.h */,
				22DE5E4A16D402CA00F49CB1 /* XnOSStrings.h */,
				22DE5E4B16D402CA00F49CB1 /* XnPlatform.h */,
				22DE5E4C16D402CA00F49CB1 /* XnPrdNode.h */,
				22DE5E4D16D402CA00F49CB1 /* XnPrdNodeInfo.h */,
				22DE5E4E16D402CA00F49CB1 /* XnPrdNodeInfoList.h */,
				22DE5E4F16D402CA00F49CB1 /* XnProfiling.h */,
				22DE5E5016D402CA00F49CB1 /* XnPropNames.h */,
				22DE5E5116D402CA00F49CB1 /* XnQueries.h */,
				22DE5E5216D402CA00F49CB1 /* XnQueue.h */,
				22DE5E5316D402CA00F49CB1 /* XnQueueT.h */,
				22DE5E5416D402CA00F49CB1 /* XnScheduler.h */,
				22DE5E5516D402CA00F49CB1 /* XnStack.h */,
				22DE5E5616D402CA00F49CB1 /* XnStackT.h */,
				22DE5E5716D402CA00F49CB1 /* XnStatus.h */,
				22DE5E5816D402CA00F49CB1 /* XnStatusCodes.h */,
				22DE5E5916D402CA00F49CB1 /* XnStatusRegister.h */,
				22DE5E5A16D402CA00F49CB1 /* XnStringsHash.h */,
				22DE5E5B16D402CA00F49CB1 /* XnStringsHashT.h */,
				22DE5E5C16D402CA00F49CB1 /* XnThreadSafeQueue.h */,
				22DE5E5D16D402CA00F49CB1 /* XnTypes.h */,
				22DE5E5E16D402CA00F49CB1 /* XnUSB.h */,
				22DE5E5F16D402CA00F49CB1 /* XnUSBDevice.h */,
				22DE5E6016D402CA00F49CB1 /* XnUtils.h */,
				22DE5E6116D402CA00F49CB1 /* XnVersion.h */,
			);
			path = Include;
			sourceTree = "<group>";
		};
		22DE5E1216D402CA00F49CB1 /* Android-Arm */ = {
			isa = PBXGroup;
			children = (
				22DE5E1316D402CA00F49CB1 /* XnPlatformAndroid-Arm.h */,
			);
			path = "Android-Arm";
			sourceTree = "<group>";
		};
		22DE5E1416D402CA00F49CB1 /* ARC */ = {
			isa = PBXGroup;
			children = (
				22DE5E1516D402CA00F49CB1 /* XnOSARC.h */,
				22DE5E1616D402CA00F49CB1 /* XnPlatformARC.h */,
			);
			path = ARC;
			sourceTree = "<group>";
		};
		22DE5E1816D402CA00F49CB1 /* Linux-Arm */ = {
			isa = PBXGroup;
			children = (
				22DE5E1916D402CA00F49CB1 /* XnPlatformLinux-Arm.h */,
			);
			path = "Linux-Arm";
			sourceTree = "<group>";
		};
		22DE5E1A16D402CA00F49CB1 /* Linux-x86 */ = {
			isa = PBXGroup;
			children = (
				22DE5E1B16D402CA00F49CB1 /* XnOSLinux-x86.h */,
				22DE5E1C16D402CA00F49CB1 /* XnPlatformLinux-x86.h */,
			);
			path = "Linux-x86";
			sourceTree = "<group>";
		};
		22DE5E1D16D402CA00F49CB1 /* MacOSX */ = {
			isa = PBXGroup;
			children = (
				22DE5E1E16D402CA00F49CB1 /* XnPlatformMacOSX.h */,
			);
			path = MacOSX;
			sourceTree = "<group>";
		};
		22DE5E1F16D402CA00F49CB1 /* Win32 */ = {
			isa = PBXGroup;
			children = (
				22DE5E2016D402CA00F49CB1 /* usb100.h */,
				22DE5E2116D402CA00F49CB1 /* XnOSWin32.h */,
				22DE5E2216D402CA00F49CB1 /* XnPlatformWin32.h */,
			);
			path = Win32;
			sourceTree = "<group>";
		};
		22DE5E6216D402CA00F49CB1 /* lib */ = {
			isa = PBXGroup;
			children = (
				2247398516D7B4E20019CDFA /* libnimCodecs.dylib */,
				2247398616D7B4E20019CDFA /* libnimMockNodes.dylib */,
				2247398716D7B4E20019CDFA /* libnimRecorder.dylib */,
				2247398816D7B4E20019CDFA /* libOpenNI.dylib */,
			);
			path = lib;
			sourceTree = "<group>";
		};
		22DE5EC516D402CB00F49CB1 /* src */ = {
			isa = PBXGroup;
			children = (
				22DE5EC616D402CB00F49CB1 /* SkeletonPoseDetector.h */,
				22DE5EC716D402CB00F49CB1 /* VFakeKinect.cpp */,
				22DE5EC816D402CB00F49CB1 /* VFakeKinect.h */,
				22DE5EC916D402CB00F49CB1 /* VKinect.cpp */,
				22DE5ECA16D402CB00F49CB1 /* VKinect.h */,
				22DE5ECB16D402CB00F49CB1 /* VOpenNIBone.h */,
				22DE5ECC16D402CB00F49CB1 /* VOpenNICommon.h */,
				22DE5ECD16D402CB00F49CB1 /* VOpenNIDevice.cpp */,
				22DE5ECE16D402CB00F49CB1 /* VOpenNIDevice.h */,
				22DE5ECF16D402CB00F49CB1 /* VOpenNIDeviceManager.cpp */,
				22DE5ED016D402CB00F49CB1 /* VOpenNIDeviceManager.h */,
				22DE5ED116D402CB00F49CB1 /* VOpenNIHeaders.h */,
				22DE5ED216D402CB00F49CB1 /* VOpenNINetwork.cpp */,
				22DE5ED316D402CB00F49CB1 /* VOpenNINetwork.h */,
				22DE5ED416D402CB00F49CB1 /* VOpenNIRecorder.cpp */,
				22DE5ED516D402CB00F49CB1 /* VOpenNIRecorder.h */,
				22DE5ED616D402CB00F49CB1 /* VOpenNISurface.h */,
				22DE5ED716D402CB00F49CB1 /* VOpenNIUser.cpp */,
				22DE5ED816D402CB00F49CB1 /* VOpenNIUser.h */,
			);
			path = src;
			sourceTree = "<group>";
		};
		29B97314FDCFA39411CA2CEA /* KinectStreamer */ = {
			isa = PBXGroup;
			children = (
				22DE5F2C16D40AC300F49CB1 /* readme.md */,
				01B97315FEAEA392516A2CEA /* Blocks */,
				29B97315FDCFA39411CA2CEA /* Headers */,
				080E96DDFE201D6D7F000001 /* Source */,
				29B97317FDCFA39411CA2CEA /* Resources */,
				29B97323FDCFA39411CA2CEA /* Frameworks */,
				19C28FACFE9D520D11CA2CBB /* Products */,
			);
			name = KinectStreamer;
			sourceTree = "<group>";
		};
		29B97315FDCFA39411CA2CEA /* Headers */ = {
			isa = PBXGroup;
			children = (
				661BEC638EEB486D9C879D75 /* Resources.h */,
				F601579D3BB549E8AFB04DE5 /* KinectStreamer_Prefix.pch */,
			);
			name = Headers;
			sourceTree = "<group>";
		};
		29B97317FDCFA39411CA2CEA /* Resources */ = {
			isa = PBXGroup;
			children = (
				5839ACA407F4495589FAA0C6 /* CinderApp.icns */,
				BEA4B646AFE549EAA5EB8DE0 /* Info.plist */,
			);
			name = Resources;
			sourceTree = "<group>";
		};
		29B97323FDCFA39411CA2CEA /* Frameworks */ = {
			isa = PBXGroup;
			children = (
				1058C7A0FEA54F0111CA2CBB /* Linked Frameworks */,
				1058C7A2FEA54F0111CA2CBB /* Other Frameworks */,
			);
			name = Frameworks;
			sourceTree = "<group>";
		};
		2CAE186C9AAA4C35A365CA0B /* osc */ = {
			isa = PBXGroup;
			children = (
				DD7D0402BF67484E9EE2CEF9 /* OscOutboundPacketStream.cpp */,
				2AC13FB148C343469E63413E /* OscPrintReceivedElements.cpp */,
				79C09CA9409D43EFBE75E031 /* OscReceivedElements.cpp */,
				D88DE9BDE630497E811DE305 /* OscTypes.cpp */,
				0AFC3326725D4E9BA04DBA1C /* MessageMappingOscPacketListener.h */,
				17E0802E9FE94FCAAC2D6AF8 /* OscException.h */,
				0ABEA7B9CC564EC29C3CD043 /* OscHostEndianness.h */,
				BC734B8E604B424BBA8F64C6 /* OscOutboundPacketStream.h */,
				D33CB022DA344936883D3B1F /* OscPacketListener.h */,
				121CA34117994542AEA31451 /* OscPrintReceivedElements.h */,
				9EEF05DDD8CA41D5BC4A0DE1 /* OscReceivedElements.h */,
				7A885291B0C74A47AF5E6D57 /* OscTypes.h */,
			);
			name = osc;
			sourceTree = "<group>";
		};
		51CAFCC398CE41AC9D42B791 /* src */ = {
			isa = PBXGroup;
			children = (
				94A617B704AA42FDA3FA9379 /* OscBundle.cpp */,
				34B6E33F54214A31A30CAC12 /* OscListener.cpp */,
				1519F44C6B384C8E8787371F /* OscMessage.cpp */,
				CD681692B9BA4C958643107B /* OscSender.cpp */,
				F43980A0DABF406E804EB7A7 /* ip */,
				2CAE186C9AAA4C35A365CA0B /* osc */,
				44BE9579F09E465584CBD4FD /* OscArg.h */,
				6490282825974D6F918DEE0A /* OscBundle.h */,
				8BC2C199F1E94B1383C5ECCA /* OscListener.h */,
				D393410CD5FB4B30B5D8624F /* OscMessage.h */,
				086139A3D6924D0486252379 /* OscSender.h */,
			);
			name = src;
			sourceTree = "<group>";
		};
		A6AEDDA0CC6C42C1B70A744D /* posix */ = {
			isa = PBXGroup;
			children = (
				E4E56E93E4F64BB8B5BF4C39 /* NetworkingUtils.cpp */,
				0340296291B548F48FE8E9A8 /* UdpSocket.cpp */,
			);
			name = posix;
			sourceTree = "<group>";
		};
		B23E0E6A6B4641FE9F7F8B80 /* OSC */ = {
			isa = PBXGroup;
			children = (
				51CAFCC398CE41AC9D42B791 /* src */,
			);
			name = OSC;
			sourceTree = "<group>";
		};
		F43980A0DABF406E804EB7A7 /* ip */ = {
			isa = PBXGroup;
			children = (
				08BCA370C96949E7B5E8BE36 /* IpEndpointName.cpp */,
				8688D72A6877493E838B72A9 /* IpEndpointName.h */,
				619A0ABFF4B8435C97D60907 /* NetworkingUtils.h */,
				783528F47AA14B1DA0CE818E /* PacketListener.h */,
				AD2A9A7310AC48E1B68C5605 /* TimerListener.h */,
				2A6BE27FAADF4520817C0E98 /* UdpSocket.h */,
				A6AEDDA0CC6C42C1B70A744D /* posix */,
			);
			name = ip;
			sourceTree = "<group>";
		};
/* End PBXGroup section */

/* Begin PBXNativeTarget section */
		8D1107260486CEB800E47090 /* KinectStreamer */ = {
			isa = PBXNativeTarget;
			buildConfigurationList = C01FCF4A08A954540054247B /* Build configuration list for PBXNativeTarget "KinectStreamer" */;
			buildPhases = (
				8D1107290486CEB800E47090 /* Resources */,
				8D11072C0486CEB800E47090 /* Sources */,
				8D11072E0486CEB800E47090 /* Frameworks */,
			);
			buildRules = (
			);
			dependencies = (
			);
			name = KinectStreamer;
			productInstallPath = "$(HOME)/Applications";
			productName = KinectStreamer;
			productReference = 8D1107320486CEB800E47090 /* KinectStreamer.app */;
			productType = "com.apple.product-type.application";
		};
/* End PBXNativeTarget section */

/* Begin PBXProject section */
		29B97313FDCFA39411CA2CEA /* Project object */ = {
			isa = PBXProject;
			buildConfigurationList = C01FCF4E08A954540054247B /* Build configuration list for PBXProject "KinectStreamer" */;
			compatibilityVersion = "Xcode 3.1";
			developmentRegion = English;
			hasScannedForEncodings = 1;
			knownRegions = (
				English,
				Japanese,
				French,
				German,
			);
			mainGroup = 29B97314FDCFA39411CA2CEA /* KinectStreamer */;
			projectDirPath = "";
			projectRoot = "";
			targets = (
				8D1107260486CEB800E47090 /* KinectStreamer */,
			);
		};
/* End PBXProject section */

/* Begin PBXResourcesBuildPhase section */
		8D1107290486CEB800E47090 /* Resources */ = {
			isa = PBXResourcesBuildPhase;
			buildActionMask = 2147483647;
			files = (
				967A3C2262464749B86DDF08 /* CinderApp.icns in Resources */,
				22DE5ED916D402CB00F49CB1 /* .gitignore in Resources */,
				22DE5EE016D402CC00F49CB1 /* README.md in Resources */,
				22DE5F2D16D40AC300F49CB1 /* readme.md in Resources */,
			);
			runOnlyForDeploymentPostprocessing = 0;
		};
/* End PBXResourcesBuildPhase section */

/* Begin PBXSourcesBuildPhase section */
		8D11072C0486CEB800E47090 /* Sources */ = {
			isa = PBXSourcesBuildPhase;
			buildActionMask = 2147483647;
			files = (
				39B3AFE945474A70834557CA /* KinectStreamerApp.cpp in Sources */,
				67F944A7EB214BF898264503 /* OscBundle.cpp in Sources */,
				9A479DA929744C26BF121413 /* OscListener.cpp in Sources */,
				F5F208E7A1054B3B8BFE3164 /* OscMessage.cpp in Sources */,
				D9ABFB48A0C242B486704824 /* OscSender.cpp in Sources */,
				9921FA0486194CE2824FF0F2 /* IpEndpointName.cpp in Sources */,
				62703E1D8D264824ABCEF72C /* OscOutboundPacketStream.cpp in Sources */,
				3D785E4171774A97ADC6A2D6 /* OscPrintReceivedElements.cpp in Sources */,
				920F0B5700A64FF3BC4BA0AE /* OscReceivedElements.cpp in Sources */,
				09FE44265B3347F58FBC9D6D /* OscTypes.cpp in Sources */,
				EED3ED9D44F640F0B8E1F138 /* NetworkingUtils.cpp in Sources */,
				055B6E39BB094EC992D75BAB /* UdpSocket.cpp in Sources */,
				22DE5F0C16D402CC00F49CB1 /* VFakeKinect.cpp in Sources */,
				22DE5F0D16D402CC00F49CB1 /* VKinect.cpp in Sources */,
				22DE5F0E16D402CC00F49CB1 /* VOpenNIDevice.cpp in Sources */,
				22DE5F0F16D402CC00F49CB1 /* VOpenNIDeviceManager.cpp in Sources */,
				22DE5F1016D402CC00F49CB1 /* VOpenNINetwork.cpp in Sources */,
				22DE5F1116D402CC00F49CB1 /* VOpenNIRecorder.cpp in Sources */,
				22DE5F1216D402CC00F49CB1 /* VOpenNIUser.cpp in Sources */,
				22DE5F2A16D40AA800F49CB1 /* Kinect.cpp in Sources */,
				22DE5F2B16D40AA800F49CB1 /* User.cpp in Sources */,
				22DE5F3016D40CB000F49CB1 /* Common.cpp in Sources */,
				2237CF9D16D4354C00D6097E /* Hud.cpp in Sources */,
				2237CFA016D4E97500D6097E /* OscBroadcaster.cpp in Sources */,
				22F418B516D52122009D2865 /* JsonLoader.cpp in Sources */,
			);
			runOnlyForDeploymentPostprocessing = 0;
		};
/* End PBXSourcesBuildPhase section */

/* Begin XCBuildConfiguration section */
		C01FCF4B08A954540054247B /* Debug */ = {
			isa = XCBuildConfiguration;
			buildSettings = {
				COMBINE_HIDPI_IMAGES = YES;
				COPY_PHASE_STRIP = NO;
				DEAD_CODE_STRIPPING = YES;
				GCC_DYNAMIC_NO_PIC = NO;
				GCC_INLINES_ARE_PRIVATE_EXTERN = YES;
				GCC_OPTIMIZATION_LEVEL = 0;
				GCC_PRECOMPILE_PREFIX_HEADER = YES;
				GCC_PREFIX_HEADER = KinectStreamer_Prefix.pch;
				GCC_SYMBOLS_PRIVATE_EXTERN = NO;
				INFOPLIST_FILE = Info.plist;
				INSTALL_PATH = "$(HOME)/Applications";
				LIBRARY_SEARCH_PATHS = (
					"$(inherited)",
					"\"$(SRCROOT)/../../../Cinder/blocks/BlockOpenNI/lib/macosx\"",
				);
				OTHER_LDFLAGS = "\"$(CINDER_PATH)/lib/libcinder_d.a\"";
				PRODUCT_NAME = KinectStreamer;
				SYMROOT = ./build;
				WRAPPER_EXTENSION = app;
			};
			name = Debug;
		};
		C01FCF4C08A954540054247B /* Release */ = {
			isa = XCBuildConfiguration;
			buildSettings = {
				COMBINE_HIDPI_IMAGES = YES;
				DEAD_CODE_STRIPPING = YES;
				DEBUG_INFORMATION_FORMAT = "dwarf-with-dsym";
				GCC_FAST_MATH = YES;
				GCC_GENERATE_DEBUGGING_SYMBOLS = NO;
				GCC_INLINES_ARE_PRIVATE_EXTERN = YES;
				GCC_OPTIMIZATION_LEVEL = 3;
				GCC_PRECOMPILE_PREFIX_HEADER = YES;
				GCC_PREFIX_HEADER = KinectStreamer_Prefix.pch;
				GCC_SYMBOLS_PRIVATE_EXTERN = NO;
				INFOPLIST_FILE = Info.plist;
				INSTALL_PATH = "$(HOME)/Applications";
				LIBRARY_SEARCH_PATHS = (
					"$(inherited)",
					"\"$(SRCROOT)/../../../Cinder/blocks/BlockOpenNI/lib/macosx\"",
				);
				OTHER_LDFLAGS = "\"$(CINDER_PATH)/lib/libcinder.a\"";
				PRODUCT_NAME = KinectStreamer;
				STRIP_INSTALLED_PRODUCT = YES;
				SYMROOT = ./build;
				WRAPPER_EXTENSION = app;
			};
			name = Release;
		};
		C01FCF4F08A954540054247B /* Debug */ = {
			isa = XCBuildConfiguration;
			buildSettings = {
				ALWAYS_SEARCH_USER_PATHS = NO;
				ARCHS = i386;
				CINDER_PATH = ../../../Cinder;
				CLANG_CXX_LANGUAGE_STANDARD = "c++0x";
				CLANG_CXX_LIBRARY = "libc++";
				GCC_WARN_ABOUT_RETURN_TYPE = YES;
				GCC_WARN_UNUSED_VARIABLE = YES;
				HEADER_SEARCH_PATHS = (
					"\"$(CINDER_PATH)/boost\"",
					"\"$(CINDER_PATH)/blocks/BlockOpenNI/include/Include/**",
				);
				LIBRARY_SEARCH_PATHS = (
					"\"$(SRCROOT)/../../../Cinder/blocks/BlockOpenNI/lib/macosx\"",
					"\"$(SRCROOT)/../../../Cinder/blocks/BlockOpenNI/lib/msw\"",
					"\"$(CINDER_PATH)/boost/lib\"/**",
				);
				MACOSX_DEPLOYMENT_TARGET = 10.7;
				SDKROOT = macosx;
				USER_HEADER_SEARCH_PATHS = "\"$(CINDER_PATH)/include\" ../include ../../../Cinder/blocks/OSC/src ../../../tmbCommon";
			};
			name = Debug;
		};
		C01FCF5008A954540054247B /* Release */ = {
			isa = XCBuildConfiguration;
			buildSettings = {
				ALWAYS_SEARCH_USER_PATHS = NO;
				ARCHS = i386;
				CINDER_PATH = ../../../Cinder;
				CLANG_CXX_LANGUAGE_STANDARD = "c++0x";
				CLANG_CXX_LIBRARY = "libc++";
				GCC_WARN_ABOUT_RETURN_TYPE = YES;
				GCC_WARN_UNUSED_VARIABLE = YES;
				HEADER_SEARCH_PATHS = (
					"\"$(CINDER_PATH)/boost\"",
					"\"$(CINDER_PATH)/blocks/BlockOpenNI/include/Include/**",
				);
				LIBRARY_SEARCH_PATHS = (
					"\"$(SRCROOT)/../../../Cinder/blocks/BlockOpenNI/lib/macosx\"",
					"\"$(SRCROOT)/../../../Cinder/blocks/BlockOpenNI/lib/msw\"",
					"\"$(CINDER_PATH)/boost/lib\"/**",
				);
				MACOSX_DEPLOYMENT_TARGET = 10.7;
				SDKROOT = macosx;
				USER_HEADER_SEARCH_PATHS = "\"$(CINDER_PATH)/include\" ../include ../../../Cinder/blocks/OSC/src ../../../tmbCommon";
			};
			name = Release;
		};
/* End XCBuildConfiguration section */

/* Begin XCConfigurationList section */
		C01FCF4A08A954540054247B /* Build configuration list for PBXNativeTarget "KinectStreamer" */ = {
			isa = XCConfigurationList;
			buildConfigurations = (
				C01FCF4B08A954540054247B /* Debug */,
				C01FCF4C08A954540054247B /* Release */,
			);
			defaultConfigurationIsVisible = 0;
			defaultConfigurationName = Release;
		};
		C01FCF4E08A954540054247B /* Build configuration list for PBXProject "KinectStreamer" */ = {
			isa = XCConfigurationList;
			buildConfigurations = (
				C01FCF4F08A954540054247B /* Debug */,
				C01FCF5008A954540054247B /* Release */,
			);
			defaultConfigurationIsVisible = 0;
			defaultConfigurationName = Release;
		};
/* End XCConfigurationList section */
	};
	rootObject = 29B97313FDCFA39411CA2CEA /* Project object */;
}
